// !$*UTF8*$!
{
	archiveVersion = 1;
	classes = {
	};
	objectVersion = 56;
	objects = {

/* Begin PBXBuildFile section */
		1C3505802BA2B9FD009E210C /* YOLOv3.mlmodel in Sources */ = {isa = PBXBuildFile; fileRef = 1C35057F2BA2B9FD009E210C /* YOLOv3.mlmodel */; };
		1C3505822BA2CECF009E210C /* ModelContentView.swift in Sources */ = {isa = PBXBuildFile; fileRef = 1C3505812BA2CECF009E210C /* ModelContentView.swift */; };
		1C3505842BA2D0D6009E210C /* Classifier.swift in Sources */ = {isa = PBXBuildFile; fileRef = 1C3505832BA2D0D6009E210C /* Classifier.swift */; };
		1C3505862BA2F5F2009E210C /* MobileNetV2.mlmodel in Sources */ = {isa = PBXBuildFile; fileRef = 1C3505852BA2F5F2009E210C /* MobileNetV2.mlmodel */; };
		1C3505882BA2F98C009E210C /* YoloContentView.swift in Sources */ = {isa = PBXBuildFile; fileRef = 1C3505872BA2F98C009E210C /* YoloContentView.swift */; };
		1C35058A2BA2F9F0009E210C /* yolov5l.mlmodel in Sources */ = {isa = PBXBuildFile; fileRef = 1C3505892BA2F9F0009E210C /* yolov5l.mlmodel */; };
		1C35058C2BA2FE24009E210C /* yolov8l.mlpackage in Sources */ = {isa = PBXBuildFile; fileRef = 1C35058B2BA2FE24009E210C /* yolov8l.mlpackage */; };
		1C35058E2BA3000D009E210C /* MediaPicker.swift in Sources */ = {isa = PBXBuildFile; fileRef = 1C35058D2BA3000D009E210C /* MediaPicker.swift */; };
		1C4B160B2BA17E6700261F8A /* ContourDetection.swift in Sources */ = {isa = PBXBuildFile; fileRef = 1C4B160A2BA17E6700261F8A /* ContourDetection.swift */; };
		1C4B160D2BA1B2C800261F8A /* personx.jpg in Resources */ = {isa = PBXBuildFile; fileRef = 1C4B160C2BA1B2C800261F8A /* personx.jpg */; };
		1C4B160F2BA1B2FF00261F8A /* group.avif in Resources */ = {isa = PBXBuildFile; fileRef = 1C4B160E2BA1B2FF00261F8A /* group.avif */; };
		1CE450B22B9F1991001843C0 /* SemanticSegmentationApp.swift in Sources */ = {isa = PBXBuildFile; fileRef = 1CE450B12B9F1991001843C0 /* SemanticSegmentationApp.swift */; };
		1CE450B42B9F1991001843C0 /* ContentView.swift in Sources */ = {isa = PBXBuildFile; fileRef = 1CE450B32B9F1991001843C0 /* ContentView.swift */; };
		1CE450B62B9F1992001843C0 /* Assets.xcassets in Resources */ = {isa = PBXBuildFile; fileRef = 1CE450B52B9F1992001843C0 /* Assets.xcassets */; };
		1CE450B92B9F1992001843C0 /* Preview Assets.xcassets in Resources */ = {isa = PBXBuildFile; fileRef = 1CE450B82B9F1992001843C0 /* Preview Assets.xcassets */; };
		1CE450C02B9F19BD001843C0 /* ImageLift.swift in Sources */ = {isa = PBXBuildFile; fileRef = 1CE450BF2B9F19BD001843C0 /* ImageLift.swift */; };
		1CE450C72B9F1AF3001843C0 /* home2.jpg in Resources */ = {isa = PBXBuildFile; fileRef = 1CE450C12B9F1AF3001843C0 /* home2.jpg */; };
		1CE450C92B9F1AF3001843C0 /* home.jpg in Resources */ = {isa = PBXBuildFile; fileRef = 1CE450C32B9F1AF3001843C0 /* home.jpg */; };
		1CE450CA2B9F1AF3001843C0 /* person.jpg in Resources */ = {isa = PBXBuildFile; fileRef = 1CE450C42B9F1AF3001843C0 /* person.jpg */; };
		1CE450CC2B9F1AF3001843C0 /* person3.avif in Resources */ = {isa = PBXBuildFile; fileRef = 1CE450C62B9F1AF3001843C0 /* person3.avif */; };
		1CE450D12B9F1CDB001843C0 /* libswiftVision.tbd in Frameworks */ = {isa = PBXBuildFile; fileRef = 1CE450CE2B9F1CDB001843C0 /* libswiftVision.tbd */; };
		1CE450D22B9F1CDB001843C0 /* Vision.framework in Frameworks */ = {isa = PBXBuildFile; fileRef = 1CE450CF2B9F1CDB001843C0 /* Vision.framework */; };
		1CE450D32B9F1CDB001843C0 /* VisionKit.framework in Frameworks */ = {isa = PBXBuildFile; fileRef = 1CE450D02B9F1CDB001843C0 /* VisionKit.framework */; };
		1CE450D52B9F2A52001843C0 /* object2.avif in Resources */ = {isa = PBXBuildFile; fileRef = 1CE450D42B9F2A52001843C0 /* object2.avif */; };
		1CE450D72B9F2B0C001843C0 /* object4.avif in Resources */ = {isa = PBXBuildFile; fileRef = 1CE450D62B9F2B0C001843C0 /* object4.avif */; };
		1CE450DA2B9F2BC4001843C0 /* object5.avif in Resources */ = {isa = PBXBuildFile; fileRef = 1CE450D92B9F2BC4001843C0 /* object5.avif */; };
		1CF86F292BA9887E00B6F3FF /* HumanRectangleContentView.swift in Sources */ = {isa = PBXBuildFile; fileRef = 1CF86F282BA9887E00B6F3FF /* HumanRectangleContentView.swift */; };
/* End PBXBuildFile section */

/* Begin PBXFileReference section */
		1C35057F2BA2B9FD009E210C /* YOLOv3.mlmodel */ = {isa = PBXFileReference; lastKnownFileType = file.mlmodel; path = YOLOv3.mlmodel; sourceTree = "<group>"; };
		1C3505812BA2CECF009E210C /* ModelContentView.swift */ = {isa = PBXFileReference; lastKnownFileType = sourcecode.swift; path = ModelContentView.swift; sourceTree = "<group>"; };
		1C3505832BA2D0D6009E210C /* Classifier.swift */ = {isa = PBXFileReference; lastKnownFileType = sourcecode.swift; path = Classifier.swift; sourceTree = "<group>"; };
		1C3505852BA2F5F2009E210C /* MobileNetV2.mlmodel */ = {isa = PBXFileReference; lastKnownFileType = file.mlmodel; path = MobileNetV2.mlmodel; sourceTree = "<group>"; };
		1C3505872BA2F98C009E210C /* YoloContentView.swift */ = {isa = PBXFileReference; lastKnownFileType = sourcecode.swift; path = YoloContentView.swift; sourceTree = "<group>"; };
		1C3505892BA2F9F0009E210C /* yolov5l.mlmodel */ = {isa = PBXFileReference; lastKnownFileType = file.mlmodel; path = yolov5l.mlmodel; sourceTree = "<group>"; };
		1C35058B2BA2FE24009E210C /* yolov8l.mlpackage */ = {isa = PBXFileReference; lastKnownFileType = folder.mlpackage; path = yolov8l.mlpackage; sourceTree = "<group>"; };
		1C35058D2BA3000D009E210C /* MediaPicker.swift */ = {isa = PBXFileReference; lastKnownFileType = sourcecode.swift; path = MediaPicker.swift; sourceTree = "<group>"; };
		1C4B160A2BA17E6700261F8A /* ContourDetection.swift */ = {isa = PBXFileReference; lastKnownFileType = sourcecode.swift; path = ContourDetection.swift; sourceTree = "<group>"; };
		1C4B160C2BA1B2C800261F8A /* personx.jpg */ = {isa = PBXFileReference; lastKnownFileType = image.jpeg; path = personx.jpg; sourceTree = "<group>"; };
		1C4B160E2BA1B2FF00261F8A /* group.avif */ = {isa = PBXFileReference; lastKnownFileType = file; path = group.avif; sourceTree = "<group>"; };
		1CE450AE2B9F1991001843C0 /* SemanticSegmentation.app */ = {isa = PBXFileReference; explicitFileType = wrapper.application; includeInIndex = 0; path = SemanticSegmentation.app; sourceTree = BUILT_PRODUCTS_DIR; };
		1CE450B12B9F1991001843C0 /* SemanticSegmentationApp.swift */ = {isa = PBXFileReference; lastKnownFileType = sourcecode.swift; path = SemanticSegmentationApp.swift; sourceTree = "<group>"; };
		1CE450B32B9F1991001843C0 /* ContentView.swift */ = {isa = PBXFileReference; lastKnownFileType = sourcecode.swift; path = ContentView.swift; sourceTree = "<group>"; };
		1CE450B52B9F1992001843C0 /* Assets.xcassets */ = {isa = PBXFileReference; lastKnownFileType = folder.assetcatalog; path = Assets.xcassets; sourceTree = "<group>"; };
		1CE450B82B9F1992001843C0 /* Preview Assets.xcassets */ = {isa = PBXFileReference; lastKnownFileType = folder.assetcatalog; path = "Preview Assets.xcassets"; sourceTree = "<group>"; };
		1CE450BF2B9F19BD001843C0 /* ImageLift.swift */ = {isa = PBXFileReference; lastKnownFileType = sourcecode.swift; path = ImageLift.swift; sourceTree = "<group>"; };
		1CE450C12B9F1AF3001843C0 /* home2.jpg */ = {isa = PBXFileReference; lastKnownFileType = image.jpeg; path = home2.jpg; sourceTree = "<group>"; };
		1CE450C32B9F1AF3001843C0 /* home.jpg */ = {isa = PBXFileReference; lastKnownFileType = image.jpeg; path = home.jpg; sourceTree = "<group>"; };
		1CE450C42B9F1AF3001843C0 /* person.jpg */ = {isa = PBXFileReference; lastKnownFileType = image.jpeg; path = person.jpg; sourceTree = "<group>"; };
		1CE450C62B9F1AF3001843C0 /* person3.avif */ = {isa = PBXFileReference; lastKnownFileType = file; path = person3.avif; sourceTree = "<group>"; };
		1CE450CE2B9F1CDB001843C0 /* libswiftVision.tbd */ = {isa = PBXFileReference; lastKnownFileType = "sourcecode.text-based-dylib-definition"; name = libswiftVision.tbd; path = usr/lib/swift/libswiftVision.tbd; sourceTree = SDKROOT; };
		1CE450CF2B9F1CDB001843C0 /* Vision.framework */ = {isa = PBXFileReference; lastKnownFileType = wrapper.framework; name = Vision.framework; path = System/Library/Frameworks/Vision.framework; sourceTree = SDKROOT; };
		1CE450D02B9F1CDB001843C0 /* VisionKit.framework */ = {isa = PBXFileReference; lastKnownFileType = wrapper.framework; name = VisionKit.framework; path = System/Library/Frameworks/VisionKit.framework; sourceTree = SDKROOT; };
		1CE450D42B9F2A52001843C0 /* object2.avif */ = {isa = PBXFileReference; lastKnownFileType = file; path = object2.avif; sourceTree = "<group>"; };
		1CE450D62B9F2B0C001843C0 /* object4.avif */ = {isa = PBXFileReference; lastKnownFileType = file; path = object4.avif; sourceTree = "<group>"; };
		1CE450D92B9F2BC4001843C0 /* object5.avif */ = {isa = PBXFileReference; lastKnownFileType = file; path = object5.avif; sourceTree = "<group>"; };
		1CF86F282BA9887E00B6F3FF /* HumanRectangleContentView.swift */ = {isa = PBXFileReference; lastKnownFileType = sourcecode.swift; path = HumanRectangleContentView.swift; sourceTree = "<group>"; };
/* End PBXFileReference section */

/* Begin PBXFrameworksBuildPhase section */
		1CE450AB2B9F1991001843C0 /* Frameworks */ = {
			isa = PBXFrameworksBuildPhase;
			buildActionMask = 2147483647;
			files = (
				1CE450D12B9F1CDB001843C0 /* libswiftVision.tbd in Frameworks */,
				1CE450D22B9F1CDB001843C0 /* Vision.framework in Frameworks */,
				1CE450D32B9F1CDB001843C0 /* VisionKit.framework in Frameworks */,
			);
			runOnlyForDeploymentPostprocessing = 0;
		};
/* End PBXFrameworksBuildPhase section */

/* Begin PBXGroup section */
		1CE450A52B9F1991001843C0 = {
			isa = PBXGroup;
			children = (
				1CE450B12B9F1991001843C0 /* SemanticSegmentationApp.swift */,
				1CE450B02B9F1991001843C0 /* SemanticSegmentation */,
				1CE450AF2B9F1991001843C0 /* Products */,
				1CE450CD2B9F1CDB001843C0 /* Frameworks */,
			);
			sourceTree = "<group>";
		};
		1CE450AF2B9F1991001843C0 /* Products */ = {
			isa = PBXGroup;
			children = (
				1CE450AE2B9F1991001843C0 /* SemanticSegmentation.app */,
			);
			name = Products;
			sourceTree = "<group>";
		};
		1CE450B02B9F1991001843C0 /* SemanticSegmentation */ = {
			isa = PBXGroup;
			children = (
				1CF86F282BA9887E00B6F3FF /* HumanRectangleContentView.swift */,
				1C35058D2BA3000D009E210C /* MediaPicker.swift */,
				1C3505872BA2F98C009E210C /* YoloContentView.swift */,
				1CE450B32B9F1991001843C0 /* ContentView.swift */,
				1C3505812BA2CECF009E210C /* ModelContentView.swift */,
				1C3505832BA2D0D6009E210C /* Classifier.swift */,
				1C4B160A2BA17E6700261F8A /* ContourDetection.swift */,
				1C35057F2BA2B9FD009E210C /* YOLOv3.mlmodel */,
				1C3505852BA2F5F2009E210C /* MobileNetV2.mlmodel */,
				1C3505892BA2F9F0009E210C /* yolov5l.mlmodel */,
				1C35058B2BA2FE24009E210C /* yolov8l.mlpackage */,
				1CE450BF2B9F19BD001843C0 /* ImageLift.swift */,
				1C4B160C2BA1B2C800261F8A /* personx.jpg */,
				1CE450C32B9F1AF3001843C0 /* home.jpg */,
				1CE450D62B9F2B0C001843C0 /* object4.avif */,
				1CE450D42B9F2A52001843C0 /* object2.avif */,
				1CE450C12B9F1AF3001843C0 /* home2.jpg */,
				1CE450D92B9F2BC4001843C0 /* object5.avif */,
				1C4B160E2BA1B2FF00261F8A /* group.avif */,
				1CE450C42B9F1AF3001843C0 /* person.jpg */,
				1CE450C62B9F1AF3001843C0 /* person3.avif */,
				1CE450B52B9F1992001843C0 /* Assets.xcassets */,
				1CE450B72B9F1992001843C0 /* Preview Content */,
			);
			path = SemanticSegmentation;
			sourceTree = "<group>";
		};
		1CE450B72B9F1992001843C0 /* Preview Content */ = {
			isa = PBXGroup;
			children = (
				1CE450B82B9F1992001843C0 /* Preview Assets.xcassets */,
			);
			path = "Preview Content";
			sourceTree = "<group>";
		};
		1CE450CD2B9F1CDB001843C0 /* Frameworks */ = {
			isa = PBXGroup;
			children = (
				1CE450CE2B9F1CDB001843C0 /* libswiftVision.tbd */,
				1CE450CF2B9F1CDB001843C0 /* Vision.framework */,
				1CE450D02B9F1CDB001843C0 /* VisionKit.framework */,
			);
			name = Frameworks;
			sourceTree = "<group>";
		};
/* End PBXGroup section */

/* Begin PBXNativeTarget section */
		1CE450AD2B9F1991001843C0 /* SemanticSegmentation */ = {
			isa = PBXNativeTarget;
			buildConfigurationList = 1CE450BC2B9F1992001843C0 /* Build configuration list for PBXNativeTarget "SemanticSegmentation" */;
			buildPhases = (
				1CE450AA2B9F1991001843C0 /* Sources */,
				1CE450AB2B9F1991001843C0 /* Frameworks */,
				1CE450AC2B9F1991001843C0 /* Resources */,
			);
			buildRules = (
			);
			dependencies = (
			);
			name = SemanticSegmentation;
			productName = SemanticSegmentation;
			productReference = 1CE450AE2B9F1991001843C0 /* SemanticSegmentation.app */;
			productType = "com.apple.product-type.application";
		};
/* End PBXNativeTarget section */

/* Begin PBXProject section */
		1CE450A62B9F1991001843C0 /* Project object */ = {
			isa = PBXProject;
			attributes = {
				BuildIndependentTargetsInParallel = 1;
				LastSwiftUpdateCheck = 1530;
				LastUpgradeCheck = 1530;
				TargetAttributes = {
					1CE450AD2B9F1991001843C0 = {
						CreatedOnToolsVersion = 15.3;
					};
				};
			};
			buildConfigurationList = 1CE450A92B9F1991001843C0 /* Build configuration list for PBXProject "SemanticSegmentation" */;
			compatibilityVersion = "Xcode 14.0";
			developmentRegion = en;
			hasScannedForEncodings = 0;
			knownRegions = (
				en,
				Base,
			);
			mainGroup = 1CE450A52B9F1991001843C0;
			productRefGroup = 1CE450AF2B9F1991001843C0 /* Products */;
			projectDirPath = "";
			projectRoot = "";
			targets = (
				1CE450AD2B9F1991001843C0 /* SemanticSegmentation */,
			);
		};
/* End PBXProject section */

/* Begin PBXResourcesBuildPhase section */
		1CE450AC2B9F1991001843C0 /* Resources */ = {
			isa = PBXResourcesBuildPhase;
			buildActionMask = 2147483647;
			files = (
				1CE450D52B9F2A52001843C0 /* object2.avif in Resources */,
				1CE450B92B9F1992001843C0 /* Preview Assets.xcassets in Resources */,
				1CE450DA2B9F2BC4001843C0 /* object5.avif in Resources */,
				1CE450C92B9F1AF3001843C0 /* home.jpg in Resources */,
				1C4B160F2BA1B2FF00261F8A /* group.avif in Resources */,
				1C4B160D2BA1B2C800261F8A /* personx.jpg in Resources */,
				1CE450D72B9F2B0C001843C0 /* object4.avif in Resources */,
				1CE450CC2B9F1AF3001843C0 /* person3.avif in Resources */,
				1CE450CA2B9F1AF3001843C0 /* person.jpg in Resources */,
				1CE450C72B9F1AF3001843C0 /* home2.jpg in Resources */,
				1CE450B62B9F1992001843C0 /* Assets.xcassets in Resources */,
			);
			runOnlyForDeploymentPostprocessing = 0;
		};
/* End PBXResourcesBuildPhase section */

/* Begin PBXSourcesBuildPhase section */
		1CE450AA2B9F1991001843C0 /* Sources */ = {
			isa = PBXSourcesBuildPhase;
			buildActionMask = 2147483647;
			files = (
				1C3505842BA2D0D6009E210C /* Classifier.swift in Sources */,
				1C35058A2BA2F9F0009E210C /* yolov5l.mlmodel in Sources */,
				1C3505802BA2B9FD009E210C /* YOLOv3.mlmodel in Sources */,
				1C35058C2BA2FE24009E210C /* yolov8l.mlpackage in Sources */,
				1C3505862BA2F5F2009E210C /* MobileNetV2.mlmodel in Sources */,
				1CE450B42B9F1991001843C0 /* ContentView.swift in Sources */,
				1C3505822BA2CECF009E210C /* ModelContentView.swift in Sources */,
				1C3505882BA2F98C009E210C /* YoloContentView.swift in Sources */,
				1CE450B22B9F1991001843C0 /* SemanticSegmentationApp.swift in Sources */,
				1C4B160B2BA17E6700261F8A /* ContourDetection.swift in Sources */,
				1C35058E2BA3000D009E210C /* MediaPicker.swift in Sources */,
				1CE450C02B9F19BD001843C0 /* ImageLift.swift in Sources */,
				1CF86F292BA9887E00B6F3FF /* HumanRectangleContentView.swift in Sources */,
			);
			runOnlyForDeploymentPostprocessing = 0;
		};
/* End PBXSourcesBuildPhase section */

/* Begin XCBuildConfiguration section */
		1CE450BA2B9F1992001843C0 /* Debug */ = {
			isa = XCBuildConfiguration;
			buildSettings = {
				ALWAYS_SEARCH_USER_PATHS = NO;
				ASSETCATALOG_COMPILER_GENERATE_SWIFT_ASSET_SYMBOL_EXTENSIONS = YES;
				CLANG_ANALYZER_NONNULL = YES;
				CLANG_ANALYZER_NUMBER_OBJECT_CONVERSION = YES_AGGRESSIVE;
				CLANG_CXX_LANGUAGE_STANDARD = "gnu++20";
				CLANG_ENABLE_MODULES = YES;
				CLANG_ENABLE_OBJC_ARC = YES;
				CLANG_ENABLE_OBJC_WEAK = YES;
				CLANG_WARN_BLOCK_CAPTURE_AUTORELEASING = YES;
				CLANG_WARN_BOOL_CONVERSION = YES;
				CLANG_WARN_COMMA = YES;
				CLANG_WARN_CONSTANT_CONVERSION = YES;
				CLANG_WARN_DEPRECATED_OBJC_IMPLEMENTATIONS = YES;
				CLANG_WARN_DIRECT_OBJC_ISA_USAGE = YES_ERROR;
				CLANG_WARN_DOCUMENTATION_COMMENTS = YES;
				CLANG_WARN_EMPTY_BODY = YES;
				CLANG_WARN_ENUM_CONVERSION = YES;
				CLANG_WARN_INFINITE_RECURSION = YES;
				CLANG_WARN_INT_CONVERSION = YES;
				CLANG_WARN_NON_LITERAL_NULL_CONVERSION = YES;
				CLANG_WARN_OBJC_IMPLICIT_RETAIN_SELF = YES;
				CLANG_WARN_OBJC_LITERAL_CONVERSION = YES;
				CLANG_WARN_OBJC_ROOT_CLASS = YES_ERROR;
				CLANG_WARN_QUOTED_INCLUDE_IN_FRAMEWORK_HEADER = YES;
				CLANG_WARN_RANGE_LOOP_ANALYSIS = YES;
				CLANG_WARN_STRICT_PROTOTYPES = YES;
				CLANG_WARN_SUSPICIOUS_MOVE = YES;
				CLANG_WARN_UNGUARDED_AVAILABILITY = YES_AGGRESSIVE;
				CLANG_WARN_UNREACHABLE_CODE = YES;
				CLANG_WARN__DUPLICATE_METHOD_MATCH = YES;
				COPY_PHASE_STRIP = NO;
				DEBUG_INFORMATION_FORMAT = dwarf;
				ENABLE_STRICT_OBJC_MSGSEND = YES;
				ENABLE_TESTABILITY = YES;
				ENABLE_USER_SCRIPT_SANDBOXING = YES;
				GCC_C_LANGUAGE_STANDARD = gnu17;
				GCC_DYNAMIC_NO_PIC = NO;
				GCC_NO_COMMON_BLOCKS = YES;
				GCC_OPTIMIZATION_LEVEL = 0;
				GCC_PREPROCESSOR_DEFINITIONS = (
					"DEBUG=1",
					"$(inherited)",
				);
				GCC_WARN_64_TO_32_BIT_CONVERSION = YES;
				GCC_WARN_ABOUT_RETURN_TYPE = YES_ERROR;
				GCC_WARN_UNDECLARED_SELECTOR = YES;
				GCC_WARN_UNINITIALIZED_AUTOS = YES_AGGRESSIVE;
				GCC_WARN_UNUSED_FUNCTION = YES;
				GCC_WARN_UNUSED_VARIABLE = YES;
				IPHONEOS_DEPLOYMENT_TARGET = 16.1;
				LOCALIZATION_PREFERS_STRING_CATALOGS = YES;
				MTL_ENABLE_DEBUG_INFO = INCLUDE_SOURCE;
				MTL_FAST_MATH = YES;
				ONLY_ACTIVE_ARCH = YES;
				SDKROOT = iphoneos;
				SWIFT_ACTIVE_COMPILATION_CONDITIONS = "DEBUG $(inherited)";
				SWIFT_OPTIMIZATION_LEVEL = "-Onone";
			};
			name = Debug;
		};
		1CE450BB2B9F1992001843C0 /* Release */ = {
			isa = XCBuildConfiguration;
			buildSettings = {
				ALWAYS_SEARCH_USER_PATHS = NO;
				ASSETCATALOG_COMPILER_GENERATE_SWIFT_ASSET_SYMBOL_EXTENSIONS = YES;
				CLANG_ANALYZER_NONNULL = YES;
				CLANG_ANALYZER_NUMBER_OBJECT_CONVERSION = YES_AGGRESSIVE;
				CLANG_CXX_LANGUAGE_STANDARD = "gnu++20";
				CLANG_ENABLE_MODULES = YES;
				CLANG_ENABLE_OBJC_ARC = YES;
				CLANG_ENABLE_OBJC_WEAK = YES;
				CLANG_WARN_BLOCK_CAPTURE_AUTORELEASING = YES;
				CLANG_WARN_BOOL_CONVERSION = YES;
				CLANG_WARN_COMMA = YES;
				CLANG_WARN_CONSTANT_CONVERSION = YES;
				CLANG_WARN_DEPRECATED_OBJC_IMPLEMENTATIONS = YES;
				CLANG_WARN_DIRECT_OBJC_ISA_USAGE = YES_ERROR;
				CLANG_WARN_DOCUMENTATION_COMMENTS = YES;
				CLANG_WARN_EMPTY_BODY = YES;
				CLANG_WARN_ENUM_CONVERSION = YES;
				CLANG_WARN_INFINITE_RECURSION = YES;
				CLANG_WARN_INT_CONVERSION = YES;
				CLANG_WARN_NON_LITERAL_NULL_CONVERSION = YES;
				CLANG_WARN_OBJC_IMPLICIT_RETAIN_SELF = YES;
				CLANG_WARN_OBJC_LITERAL_CONVERSION = YES;
				CLANG_WARN_OBJC_ROOT_CLASS = YES_ERROR;
				CLANG_WARN_QUOTED_INCLUDE_IN_FRAMEWORK_HEADER = YES;
				CLANG_WARN_RANGE_LOOP_ANALYSIS = YES;
				CLANG_WARN_STRICT_PROTOTYPES = YES;
				CLANG_WARN_SUSPICIOUS_MOVE = YES;
				CLANG_WARN_UNGUARDED_AVAILABILITY = YES_AGGRESSIVE;
				CLANG_WARN_UNREACHABLE_CODE = YES;
				CLANG_WARN__DUPLICATE_METHOD_MATCH = YES;
				COPY_PHASE_STRIP = NO;
				DEBUG_INFORMATION_FORMAT = "dwarf-with-dsym";
				ENABLE_NS_ASSERTIONS = NO;
				ENABLE_STRICT_OBJC_MSGSEND = YES;
				ENABLE_USER_SCRIPT_SANDBOXING = YES;
				GCC_C_LANGUAGE_STANDARD = gnu17;
				GCC_NO_COMMON_BLOCKS = YES;
				GCC_WARN_64_TO_32_BIT_CONVERSION = YES;
				GCC_WARN_ABOUT_RETURN_TYPE = YES_ERROR;
				GCC_WARN_UNDECLARED_SELECTOR = YES;
				GCC_WARN_UNINITIALIZED_AUTOS = YES_AGGRESSIVE;
				GCC_WARN_UNUSED_FUNCTION = YES;
				GCC_WARN_UNUSED_VARIABLE = YES;
				IPHONEOS_DEPLOYMENT_TARGET = 16.1;
				LOCALIZATION_PREFERS_STRING_CATALOGS = YES;
				MTL_ENABLE_DEBUG_INFO = NO;
				MTL_FAST_MATH = YES;
				SDKROOT = iphoneos;
				SWIFT_COMPILATION_MODE = wholemodule;
				VALIDATE_PRODUCT = YES;
			};
			name = Release;
		};
		1CE450BD2B9F1992001843C0 /* Debug */ = {
			isa = XCBuildConfiguration;
			buildSettings = {
				ASSETCATALOG_COMPILER_APPICON_NAME = AppIcon;
				ASSETCATALOG_COMPILER_GLOBAL_ACCENT_COLOR_NAME = AccentColor;
				CODE_SIGN_STYLE = Automatic;
				CURRENT_PROJECT_VERSION = 1;
				DEVELOPMENT_ASSET_PATHS = "\"SemanticSegmentation/Preview Content\"";
				DEVELOPMENT_TEAM = 53WK73J5M9;
				ENABLE_PREVIEWS = YES;
				GENERATE_INFOPLIST_FILE = YES;
				INFOPLIST_KEY_UIApplicationSceneManifest_Generation = YES;
				INFOPLIST_KEY_UIApplicationSupportsIndirectInputEvents = YES;
				INFOPLIST_KEY_UILaunchScreen_Generation = YES;
				INFOPLIST_KEY_UISupportedInterfaceOrientations_iPad = "UIInterfaceOrientationPortrait UIInterfaceOrientationPortraitUpsideDown UIInterfaceOrientationLandscapeLeft UIInterfaceOrientationLandscapeRight";
				INFOPLIST_KEY_UISupportedInterfaceOrientations_iPhone = "UIInterfaceOrientationPortrait UIInterfaceOrientationLandscapeLeft UIInterfaceOrientationLandscapeRight";
				LD_RUNPATH_SEARCH_PATHS = (
					"$(inherited)",
					"@executable_path/Frameworks",
				);
				LIBRARY_SEARCH_PATHS = (
					"$(inherited)",
					"$(SDKROOT)/usr/lib/swift",
				);
				MARKETING_VERSION = 1.0;
				PRODUCT_BUNDLE_IDENTIFIER = sagor.SemanticSegmentation;
				PRODUCT_NAME = "$(TARGET_NAME)";
				SWIFT_EMIT_LOC_STRINGS = YES;
				SWIFT_VERSION = 5.0;
				TARGETED_DEVICE_FAMILY = "1,2";
			};
			name = Debug;
		};
		1CE450BE2B9F1992001843C0 /* Release */ = {
			isa = XCBuildConfiguration;
			buildSettings = {
				ASSETCATALOG_COMPILER_APPICON_NAME = AppIcon;
				ASSETCATALOG_COMPILER_GLOBAL_ACCENT_COLOR_NAME = AccentColor;
				CODE_SIGN_STYLE = Automatic;
				CURRENT_PROJECT_VERSION = 1;
				DEVELOPMENT_ASSET_PATHS = "\"SemanticSegmentation/Preview Content\"";
				DEVELOPMENT_TEAM = 53WK73J5M9;
				ENABLE_PREVIEWS = YES;
				GENERATE_INFOPLIST_FILE = YES;
				INFOPLIST_KEY_UIApplicationSceneManifest_Generation = YES;
				INFOPLIST_KEY_UIApplicationSupportsIndirectInputEvents = YES;
				INFOPLIST_KEY_UILaunchScreen_Generation = YES;
				INFOPLIST_KEY_UISupportedInterfaceOrientations_iPad = "UIInterfaceOrientationPortrait UIInterfaceOrientationPortraitUpsideDown UIInterfaceOrientationLandscapeLeft UIInterfaceOrientationLandscapeRight";
				INFOPLIST_KEY_UISupportedInterfaceOrientations_iPhone = "UIInterfaceOrientationPortrait UIInterfaceOrientationLandscapeLeft UIInterfaceOrientationLandscapeRight";
				LD_RUNPATH_SEARCH_PATHS = (
					"$(inherited)",
					"@executable_path/Frameworks",
				);
				LIBRARY_SEARCH_PATHS = (
					"$(inherited)",
					"$(SDKROOT)/usr/lib/swift",
				);
				MARKETING_VERSION = 1.0;
				PRODUCT_BUNDLE_IDENTIFIER = sagor.SemanticSegmentation;
				PRODUCT_NAME = "$(TARGET_NAME)";
				SWIFT_EMIT_LOC_STRINGS = YES;
				SWIFT_VERSION = 5.0;
				TARGETED_DEVICE_FAMILY = "1,2";
			};
			name = Release;
		};
/* End XCBuildConfiguration section */

/* Begin XCConfigurationList section */
		1CE450A92B9F1991001843C0 /* Build configuration list for PBXProject "SemanticSegmentation" */ = {
			isa = XCConfigurationList;
			buildConfigurations = (
				1CE450BA2B9F1992001843C0 /* Debug */,
				1CE450BB2B9F1992001843C0 /* Release */,
			);
			defaultConfigurationIsVisible = 0;
			defaultConfigurationName = Release;
		};
		1CE450BC2B9F1992001843C0 /* Build configuration list for PBXNativeTarget "SemanticSegmentation" */ = {
			isa = XCConfigurationList;
			buildConfigurations = (
				1CE450BD2B9F1992001843C0 /* Debug */,
				1CE450BE2B9F1992001843C0 /* Release */,
			);
			defaultConfigurationIsVisible = 0;
			defaultConfigurationName = Release;
		};
/* End XCConfigurationList section */
	};
	rootObject = 1CE450A62B9F1991001843C0 /* Project object */;
}
